// !$*UTF8*$!
{
	archiveVersion = 1;
	classes = {
	};
	objectVersion = 77;
	objects = {

/* Begin PBXBuildFile section */
		D65565CE2E3E3CD6006D99B3 /* AppDelegate.swift in Sources */ = {isa = PBXBuildFile; fileRef = D65565CD2E3E3CD6006D99B3 /* AppDelegate.swift */; };
		D65565D22E3E3CD6006D99B3 /* Main.html in Resources */ = {isa = PBXBuildFile; fileRef = D65565D02E3E3CD6006D99B3 /* Main.html */; };
		D65565D42E3E3CD6006D99B3 /* Icon.png in Resources */ = {isa = PBXBuildFile; fileRef = D65565D32E3E3CD6006D99B3 /* Icon.png */; };
		D65565D62E3E3CD6006D99B3 /* Style.css in Resources */ = {isa = PBXBuildFile; fileRef = D65565D52E3E3CD6006D99B3 /* Style.css */; };
		D65565D82E3E3CD6006D99B3 /* Script.js in Resources */ = {isa = PBXBuildFile; fileRef = D65565D72E3E3CD6006D99B3 /* Script.js */; };
		D65565DA2E3E3CD6006D99B3 /* ViewController.swift in Sources */ = {isa = PBXBuildFile; fileRef = D65565D92E3E3CD6006D99B3 /* ViewController.swift */; };
		D65565DD2E3E3CD6006D99B3 /* Main.storyboard in Resources */ = {isa = PBXBuildFile; fileRef = D65565DB2E3E3CD6006D99B3 /* Main.storyboard */; };
		D65565DF2E3E3CD8006D99B3 /* Assets.xcassets in Resources */ = {isa = PBXBuildFile; fileRef = D65565DE2E3E3CD8006D99B3 /* Assets.xcassets */; };
		D65565EC2E3E3CD8006D99B3 /* Video_reverserTests.swift in Sources */ = {isa = PBXBuildFile; fileRef = D65565EB2E3E3CD8006D99B3 /* Video_reverserTests.swift */; };
		D65565F62E3E3CD8006D99B3 /* Video_reverserUITests.swift in Sources */ = {isa = PBXBuildFile; fileRef = D65565F52E3E3CD8006D99B3 /* Video_reverserUITests.swift */; };
		D65565F82E3E3CD8006D99B3 /* Video_reverserUITestsLaunchTests.swift in Sources */ = {isa = PBXBuildFile; fileRef = D65565F72E3E3CD8006D99B3 /* Video_reverserUITestsLaunchTests.swift */; };
		D65565FE2E3E3CD8006D99B3 /* Video reverser Extension.appex in Embed Foundation Extensions */ = {isa = PBXBuildFile; fileRef = D65565FD2E3E3CD8006D99B3 /* Video reverser Extension.appex */; settings = {ATTRIBUTES = (RemoveHeadersOnCopy, ); }; };
		D65566032E3E3CD8006D99B3 /* SafariWebExtensionHandler.swift in Sources */ = {isa = PBXBuildFile; fileRef = D65566022E3E3CD8006D99B3 /* SafariWebExtensionHandler.swift */; };
		D655661B2E3E3CD9006D99B3 /* background.js in Resources */ = {isa = PBXBuildFile; fileRef = D65566162E3E3CD9006D99B3 /* background.js */; };
		D655661C2E3E3CD9006D99B3 /* README.md in Resources */ = {isa = PBXBuildFile; fileRef = D65566172E3E3CD9006D99B3 /* README.md */; };
		D655661D2E3E3CD9006D99B3 /* icons in Resources */ = {isa = PBXBuildFile; fileRef = D65566182E3E3CD9006D99B3 /* icons */; };
		D655661E2E3E3CD9006D99B3 /* manifest.json in Resources */ = {isa = PBXBuildFile; fileRef = D65566192E3E3CD9006D99B3 /* manifest.json */; };
		D655661F2E3E3CD9006D99B3 /* safari-proj in Resources */ = {isa = PBXBuildFile; fileRef = D655661A2E3E3CD9006D99B3 /* safari-proj */; };
/* End PBXBuildFile section */

/* Begin PBXContainerItemProxy section */
		D65565E82E3E3CD8006D99B3 /* PBXContainerItemProxy */ = {
			isa = PBXContainerItemProxy;
			containerPortal = D65565C22E3E3CD6006D99B3 /* Project object */;
			proxyType = 1;
			remoteGlobalIDString = D65565C92E3E3CD6006D99B3;
			remoteInfo = "Video reverser";
		};
		D65565F22E3E3CD8006D99B3 /* PBXContainerItemProxy */ = {
			isa = PBXContainerItemProxy;
			containerPortal = D65565C22E3E3CD6006D99B3 /* Project object */;
			proxyType = 1;
			remoteGlobalIDString = D65565C92E3E3CD6006D99B3;
			remoteInfo = "Video reverser";
		};
		D65565FF2E3E3CD8006D99B3 /* PBXContainerItemProxy */ = {
			isa = PBXContainerItemProxy;
			containerPortal = D65565C22E3E3CD6006D99B3 /* Project object */;
			proxyType = 1;
			remoteGlobalIDString = D65565FC2E3E3CD8006D99B3;
			remoteInfo = "Video reverser Extension";
		};
/* End PBXContainerItemProxy section */

/* Begin PBXCopyFilesBuildPhase section */
		D655660B2E3E3CD8006D99B3 /* Embed Foundation Extensions */ = {
			isa = PBXCopyFilesBuildPhase;
			buildActionMask = 2147483647;
			dstPath = "";
			dstSubfolderSpec = 13;
			files = (
				D65565FE2E3E3CD8006D99B3 /* Video reverser Extension.appex in Embed Foundation Extensions */,
			);
			name = "Embed Foundation Extensions";
			runOnlyForDeploymentPostprocessing = 0;
		};
/* End PBXCopyFilesBuildPhase section */

/* Begin PBXFileReference section */
		D65565CA2E3E3CD6006D99B3 /* Video reverser.app */ = {isa = PBXFileReference; explicitFileType = wrapper.application; includeInIndex = 0; path = "Video reverser.app"; sourceTree = BUILT_PRODUCTS_DIR; };
		D65565CD2E3E3CD6006D99B3 /* AppDelegate.swift */ = {isa = PBXFileReference; lastKnownFileType = sourcecode.swift; path = AppDelegate.swift; sourceTree = "<group>"; };
		D65565D12E3E3CD6006D99B3 /* Base */ = {isa = PBXFileReference; lastKnownFileType = text.html; name = Base; path = Base.lproj/Main.html; sourceTree = "<group>"; };
		D65565D32E3E3CD6006D99B3 /* Icon.png */ = {isa = PBXFileReference; lastKnownFileType = image.png; path = Icon.png; sourceTree = "<group>"; };
		D65565D52E3E3CD6006D99B3 /* Style.css */ = {isa = PBXFileReference; lastKnownFileType = text.css; path = Style.css; sourceTree = "<group>"; };
		D65565D72E3E3CD6006D99B3 /* Script.js */ = {isa = PBXFileReference; lastKnownFileType = sourcecode.javascript; path = Script.js; sourceTree = "<group>"; };
		D65565D92E3E3CD6006D99B3 /* ViewController.swift */ = {isa = PBXFileReference; lastKnownFileType = sourcecode.swift; path = ViewController.swift; sourceTree = "<group>"; };
		D65565DC2E3E3CD6006D99B3 /* Base */ = {isa = PBXFileReference; lastKnownFileType = file.storyboard; name = Base; path = Base.lproj/Main.storyboard; sourceTree = "<group>"; };
		D65565DE2E3E3CD8006D99B3 /* Assets.xcassets */ = {isa = PBXFileReference; lastKnownFileType = folder.assetcatalog; path = Assets.xcassets; sourceTree = "<group>"; };
		D65565E02E3E3CD8006D99B3 /* Info.plist */ = {isa = PBXFileReference; lastKnownFileType = text.plist.xml; path = Info.plist; sourceTree = "<group>"; };
		D65565E12E3E3CD8006D99B3 /* Video_reverser.entitlements */ = {isa = PBXFileReference; lastKnownFileType = text.plist.entitlements; path = Video_reverser.entitlements; sourceTree = "<group>"; };
		D65565E22E3E3CD8006D99B3 /* Video reverser.entitlements */ = {isa = PBXFileReference; lastKnownFileType = text.plist.entitlements; path = "Video reverser.entitlements"; sourceTree = "<group>"; };
		D65565E72E3E3CD8006D99B3 /* Video reverserTests.xctest */ = {isa = PBXFileReference; explicitFileType = wrapper.cfbundle; includeInIndex = 0; path = "Video reverserTests.xctest"; sourceTree = BUILT_PRODUCTS_DIR; };
		D65565EB2E3E3CD8006D99B3 /* Video_reverserTests.swift */ = {isa = PBXFileReference; lastKnownFileType = sourcecode.swift; path = Video_reverserTests.swift; sourceTree = "<group>"; };
		D65565F12E3E3CD8006D99B3 /* Video reverserUITests.xctest */ = {isa = PBXFileReference; explicitFileType = wrapper.cfbundle; includeInIndex = 0; path = "Video reverserUITests.xctest"; sourceTree = BUILT_PRODUCTS_DIR; };
		D65565F52E3E3CD8006D99B3 /* Video_reverserUITests.swift */ = {isa = PBXFileReference; lastKnownFileType = sourcecode.swift; path = Video_reverserUITests.swift; sourceTree = "<group>"; };
		D65565F72E3E3CD8006D99B3 /* Video_reverserUITestsLaunchTests.swift */ = {isa = PBXFileReference; lastKnownFileType = sourcecode.swift; path = Video_reverserUITestsLaunchTests.swift; sourceTree = "<group>"; };
		D65565FD2E3E3CD8006D99B3 /* Video reverser Extension.appex */ = {isa = PBXFileReference; explicitFileType = "wrapper.app-extension"; includeInIndex = 0; path = "Video reverser Extension.appex"; sourceTree = BUILT_PRODUCTS_DIR; };
		D65566022E3E3CD8006D99B3 /* SafariWebExtensionHandler.swift */ = {isa = PBXFileReference; lastKnownFileType = sourcecode.swift; path = SafariWebExtensionHandler.swift; sourceTree = "<group>"; };
		D65566042E3E3CD8006D99B3 /* Info.plist */ = {isa = PBXFileReference; lastKnownFileType = text.plist.xml; path = Info.plist; sourceTree = "<group>"; };
		D65566052E3E3CD8006D99B3 /* Video_reverser_Extension.entitlements */ = {isa = PBXFileReference; lastKnownFileType = text.plist.entitlements; path = Video_reverser_Extension.entitlements; sourceTree = "<group>"; };
		D65566162E3E3CD9006D99B3 /* background.js */ = {isa = PBXFileReference; lastKnownFileType = sourcecode.javascript; name = background.js; path = ../../../background.js; sourceTree = "<group>"; };
		D65566172E3E3CD9006D99B3 /* README.md */ = {isa = PBXFileReference; lastKnownFileType = net.daringfireball.markdown; name = README.md; path = ../../../README.md; sourceTree = "<group>"; };
		D65566182E3E3CD9006D99B3 /* icons */ = {isa = PBXFileReference; lastKnownFileType = folder; name = icons; path = ../../../icons; sourceTree = "<group>"; };
		D65566192E3E3CD9006D99B3 /* manifest.json */ = {isa = PBXFileReference; lastKnownFileType = text.json; name = manifest.json; path = ../../../manifest.json; sourceTree = "<group>"; };
		D655661A2E3E3CD9006D99B3 /* safari-proj */ = {isa = PBXFileReference; lastKnownFileType = folder; name = "safari-proj"; path = ../..; sourceTree = "<group>"; };
/* End PBXFileReference section */

/* Begin PBXFrameworksBuildPhase section */
		D65565C72E3E3CD6006D99B3 /* Frameworks */ = {
			isa = PBXFrameworksBuildPhase;
			buildActionMask = 2147483647;
			files = (
			);
			runOnlyForDeploymentPostprocessing = 0;
		};
		D65565E42E3E3CD8006D99B3 /* Frameworks */ = {
			isa = PBXFrameworksBuildPhase;
			buildActionMask = 2147483647;
			files = (
			);
			runOnlyForDeploymentPostprocessing = 0;
		};
		D65565EE2E3E3CD8006D99B3 /* Frameworks */ = {
			isa = PBXFrameworksBuildPhase;
			buildActionMask = 2147483647;
			files = (
			);
			runOnlyForDeploymentPostprocessing = 0;
		};
		D65565FA2E3E3CD8006D99B3 /* Frameworks */ = {
			isa = PBXFrameworksBuildPhase;
			buildActionMask = 2147483647;
			files = (
			);
			runOnlyForDeploymentPostprocessing = 0;
		};
/* End PBXFrameworksBuildPhase section */

/* Begin PBXGroup section */
		D65565C12E3E3CD6006D99B3 = {
			isa = PBXGroup;
			children = (
				D65565CC2E3E3CD6006D99B3 /* Video reverser */,
				D65565EA2E3E3CD8006D99B3 /* Video reverserTests */,
				D65565F42E3E3CD8006D99B3 /* Video reverserUITests */,
				D65566012E3E3CD8006D99B3 /* Video reverser Extension */,
				D65565CB2E3E3CD6006D99B3 /* Products */,
			);
			sourceTree = "<group>";
		};
		D65565CB2E3E3CD6006D99B3 /* Products */ = {
			isa = PBXGroup;
			children = (
				D65565CA2E3E3CD6006D99B3 /* Video reverser.app */,
				D65565E72E3E3CD8006D99B3 /* Video reverserTests.xctest */,
				D65565F12E3E3CD8006D99B3 /* Video reverserUITests.xctest */,
				D65565FD2E3E3CD8006D99B3 /* Video reverser Extension.appex */,
			);
			name = Products;
			sourceTree = "<group>";
		};
		D65565CC2E3E3CD6006D99B3 /* Video reverser */ = {
			isa = PBXGroup;
			children = (
				D65565CD2E3E3CD6006D99B3 /* AppDelegate.swift */,
				D65565D92E3E3CD6006D99B3 /* ViewController.swift */,
				D65565DB2E3E3CD6006D99B3 /* Main.storyboard */,
				D65565DE2E3E3CD8006D99B3 /* Assets.xcassets */,
				D65565E02E3E3CD8006D99B3 /* Info.plist */,
				D65565E12E3E3CD8006D99B3 /* Video_reverser.entitlements */,
				D65565E22E3E3CD8006D99B3 /* Video reverser.entitlements */,
				D65565CF2E3E3CD6006D99B3 /* Resources */,
			);
			path = "Video reverser";
			sourceTree = "<group>";
		};
		D65565CF2E3E3CD6006D99B3 /* Resources */ = {
			isa = PBXGroup;
			children = (
				D65565D02E3E3CD6006D99B3 /* Main.html */,
				D65565D32E3E3CD6006D99B3 /* Icon.png */,
				D65565D52E3E3CD6006D99B3 /* Style.css */,
				D65565D72E3E3CD6006D99B3 /* Script.js */,
			);
			path = Resources;
			sourceTree = "<group>";
		};
		D65565EA2E3E3CD8006D99B3 /* Video reverserTests */ = {
			isa = PBXGroup;
			children = (
				D65565EB2E3E3CD8006D99B3 /* Video_reverserTests.swift */,
			);
			path = "Video reverserTests";
			sourceTree = "<group>";
		};
		D65565F42E3E3CD8006D99B3 /* Video reverserUITests */ = {
			isa = PBXGroup;
			children = (
				D65565F52E3E3CD8006D99B3 /* Video_reverserUITests.swift */,
				D65565F72E3E3CD8006D99B3 /* Video_reverserUITestsLaunchTests.swift */,
			);
			path = "Video reverserUITests";
			sourceTree = "<group>";
		};
		D65566012E3E3CD8006D99B3 /* Video reverser Extension */ = {
			isa = PBXGroup;
			children = (
				D65566152E3E3CD9006D99B3 /* Resources */,
				D65566022E3E3CD8006D99B3 /* SafariWebExtensionHandler.swift */,
				D65566042E3E3CD8006D99B3 /* Info.plist */,
				D65566052E3E3CD8006D99B3 /* Video_reverser_Extension.entitlements */,
			);
			path = "Video reverser Extension";
			sourceTree = "<group>";
		};
		D65566152E3E3CD9006D99B3 /* Resources */ = {
			isa = PBXGroup;
			children = (
				D65566162E3E3CD9006D99B3 /* background.js */,
				D65566172E3E3CD9006D99B3 /* README.md */,
				D65566182E3E3CD9006D99B3 /* icons */,
				D65566192E3E3CD9006D99B3 /* manifest.json */,
				D655661A2E3E3CD9006D99B3 /* safari-proj */,
			);
			name = Resources;
			path = "Video reverser Extension";
			sourceTree = SOURCE_ROOT;
		};
/* End PBXGroup section */

/* Begin PBXNativeTarget section */
		D65565C92E3E3CD6006D99B3 /* Video reverser */ = {
			isa = PBXNativeTarget;
			buildConfigurationList = D655660C2E3E3CD8006D99B3 /* Build configuration list for PBXNativeTarget "Video reverser" */;
			buildPhases = (
				D65565C62E3E3CD6006D99B3 /* Sources */,
				D65565C72E3E3CD6006D99B3 /* Frameworks */,
				D65565C82E3E3CD6006D99B3 /* Resources */,
				D655660B2E3E3CD8006D99B3 /* Embed Foundation Extensions */,
			);
			buildRules = (
			);
			dependencies = (
				D65566002E3E3CD8006D99B3 /* PBXTargetDependency */,
			);
			name = "Video reverser";
			packageProductDependencies = (
			);
			productName = "Video reverser";
			productReference = D65565CA2E3E3CD6006D99B3 /* Video reverser.app */;
			productType = "com.apple.product-type.application";
		};
		D65565E62E3E3CD8006D99B3 /* Video reverserTests */ = {
			isa = PBXNativeTarget;
			buildConfigurationList = D655660F2E3E3CD8006D99B3 /* Build configuration list for PBXNativeTarget "Video reverserTests" */;
			buildPhases = (
				D65565E32E3E3CD8006D99B3 /* Sources */,
				D65565E42E3E3CD8006D99B3 /* Frameworks */,
				D65565E52E3E3CD8006D99B3 /* Resources */,
			);
			buildRules = (
			);
			dependencies = (
				D65565E92E3E3CD8006D99B3 /* PBXTargetDependency */,
			);
			name = "Video reverserTests";
			packageProductDependencies = (
			);
			productName = "Video reverserTests";
			productReference = D65565E72E3E3CD8006D99B3 /* Video reverserTests.xctest */;
			productType = "com.apple.product-type.bundle.unit-test";
		};
		D65565F02E3E3CD8006D99B3 /* Video reverserUITests */ = {
			isa = PBXNativeTarget;
			buildConfigurationList = D65566122E3E3CD8006D99B3 /* Build configuration list for PBXNativeTarget "Video reverserUITests" */;
			buildPhases = (
				D65565ED2E3E3CD8006D99B3 /* Sources */,
				D65565EE2E3E3CD8006D99B3 /* Frameworks */,
				D65565EF2E3E3CD8006D99B3 /* Resources */,
			);
			buildRules = (
			);
			dependencies = (
				D65565F32E3E3CD8006D99B3 /* PBXTargetDependency */,
			);
			name = "Video reverserUITests";
			packageProductDependencies = (
			);
			productName = "Video reverserUITests";
			productReference = D65565F12E3E3CD8006D99B3 /* Video reverserUITests.xctest */;
			productType = "com.apple.product-type.bundle.ui-testing";
		};
		D65565FC2E3E3CD8006D99B3 /* Video reverser Extension */ = {
			isa = PBXNativeTarget;
			buildConfigurationList = D65566082E3E3CD8006D99B3 /* Build configuration list for PBXNativeTarget "Video reverser Extension" */;
			buildPhases = (
				D65565F92E3E3CD8006D99B3 /* Sources */,
				D65565FA2E3E3CD8006D99B3 /* Frameworks */,
				D65565FB2E3E3CD8006D99B3 /* Resources */,
			);
			buildRules = (
			);
			dependencies = (
			);
			name = "Video reverser Extension";
			packageProductDependencies = (
			);
			productName = "Video reverser Extension";
			productReference = D65565FD2E3E3CD8006D99B3 /* Video reverser Extension.appex */;
			productType = "com.apple.product-type.app-extension";
		};
/* End PBXNativeTarget section */

/* Begin PBXProject section */
		D65565C22E3E3CD6006D99B3 /* Project object */ = {
			isa = PBXProject;
			attributes = {
				BuildIndependentTargetsInParallel = 1;
				LastSwiftUpdateCheck = 1640;
				LastUpgradeCheck = 1640;
				TargetAttributes = {
					D65565C92E3E3CD6006D99B3 = {
						CreatedOnToolsVersion = 16.4;
					};
					D65565E62E3E3CD8006D99B3 = {
						CreatedOnToolsVersion = 16.4;
						TestTargetID = D65565C92E3E3CD6006D99B3;
					};
					D65565F02E3E3CD8006D99B3 = {
						CreatedOnToolsVersion = 16.4;
						TestTargetID = D65565C92E3E3CD6006D99B3;
					};
					D65565FC2E3E3CD8006D99B3 = {
						CreatedOnToolsVersion = 16.4;
					};
				};
			};
			buildConfigurationList = D65565C52E3E3CD6006D99B3 /* Build configuration list for PBXProject "Video reverser" */;
			developmentRegion = en;
			hasScannedForEncodings = 0;
			knownRegions = (
				en,
				Base,
			);
			mainGroup = D65565C12E3E3CD6006D99B3;
			minimizedProjectReferenceProxies = 1;
			preferredProjectObjectVersion = 77;
			productRefGroup = D65565CB2E3E3CD6006D99B3 /* Products */;
			projectDirPath = "";
			projectRoot = "";
			targets = (
				D65565C92E3E3CD6006D99B3 /* Video reverser */,
				D65565E62E3E3CD8006D99B3 /* Video reverserTests */,
				D65565F02E3E3CD8006D99B3 /* Video reverserUITests */,
				D65565FC2E3E3CD8006D99B3 /* Video reverser Extension */,
			);
		};
/* End PBXProject section */

/* Begin PBXResourcesBuildPhase section */
		D65565C82E3E3CD6006D99B3 /* Resources */ = {
			isa = PBXResourcesBuildPhase;
			buildActionMask = 2147483647;
			files = (
				D65565D42E3E3CD6006D99B3 /* Icon.png in Resources */,
				D65565DD2E3E3CD6006D99B3 /* Main.storyboard in Resources */,
				D65565D82E3E3CD6006D99B3 /* Script.js in Resources */,
				D65565D22E3E3CD6006D99B3 /* Main.html in Resources */,
				D65565DF2E3E3CD8006D99B3 /* Assets.xcassets in Resources */,
				D65565D62E3E3CD6006D99B3 /* Style.css in Resources */,
			);
			runOnlyForDeploymentPostprocessing = 0;
		};
		D65565E52E3E3CD8006D99B3 /* Resources */ = {
			isa = PBXResourcesBuildPhase;
			buildActionMask = 2147483647;
			files = (
			);
			runOnlyForDeploymentPostprocessing = 0;
		};
		D65565EF2E3E3CD8006D99B3 /* Resources */ = {
			isa = PBXResourcesBuildPhase;
			buildActionMask = 2147483647;
			files = (
			);
			runOnlyForDeploymentPostprocessing = 0;
		};
		D65565FB2E3E3CD8006D99B3 /* Resources */ = {
			isa = PBXResourcesBuildPhase;
			buildActionMask = 2147483647;
			files = (
				D655661F2E3E3CD9006D99B3 /* safari-proj in Resources */,
				D655661E2E3E3CD9006D99B3 /* manifest.json in Resources */,
				D655661D2E3E3CD9006D99B3 /* icons in Resources */,
				D655661C2E3E3CD9006D99B3 /* README.md in Resources */,
				D655661B2E3E3CD9006D99B3 /* background.js in Resources */,
			);
			runOnlyForDeploymentPostprocessing = 0;
		};
/* End PBXResourcesBuildPhase section */

/* Begin PBXSourcesBuildPhase section */
		D65565C62E3E3CD6006D99B3 /* Sources */ = {
			isa = PBXSourcesBuildPhase;
			buildActionMask = 2147483647;
			files = (
				D65565DA2E3E3CD6006D99B3 /* ViewController.swift in Sources */,
				D65565CE2E3E3CD6006D99B3 /* AppDelegate.swift in Sources */,
			);
			runOnlyForDeploymentPostprocessing = 0;
		};
		D65565E32E3E3CD8006D99B3 /* Sources */ = {
			isa = PBXSourcesBuildPhase;
			buildActionMask = 2147483647;
			files = (
				D65565EC2E3E3CD8006D99B3 /* Video_reverserTests.swift in Sources */,
			);
			runOnlyForDeploymentPostprocessing = 0;
		};
		D65565ED2E3E3CD8006D99B3 /* Sources */ = {
			isa = PBXSourcesBuildPhase;
			buildActionMask = 2147483647;
			files = (
				D65565F82E3E3CD8006D99B3 /* Video_reverserUITestsLaunchTests.swift in Sources */,
				D65565F62E3E3CD8006D99B3 /* Video_reverserUITests.swift in Sources */,
			);
			runOnlyForDeploymentPostprocessing = 0;
		};
		D65565F92E3E3CD8006D99B3 /* Sources */ = {
			isa = PBXSourcesBuildPhase;
			buildActionMask = 2147483647;
			files = (
				D65566032E3E3CD8006D99B3 /* SafariWebExtensionHandler.swift in Sources */,
			);
			runOnlyForDeploymentPostprocessing = 0;
		};
/* End PBXSourcesBuildPhase section */

/* Begin PBXTargetDependency section */
		D65565E92E3E3CD8006D99B3 /* PBXTargetDependency */ = {
			isa = PBXTargetDependency;
			target = D65565C92E3E3CD6006D99B3 /* Video reverser */;
			targetProxy = D65565E82E3E3CD8006D99B3 /* PBXContainerItemProxy */;
		};
		D65565F32E3E3CD8006D99B3 /* PBXTargetDependency */ = {
			isa = PBXTargetDependency;
			target = D65565C92E3E3CD6006D99B3 /* Video reverser */;
			targetProxy = D65565F22E3E3CD8006D99B3 /* PBXContainerItemProxy */;
		};
		D65566002E3E3CD8006D99B3 /* PBXTargetDependency */ = {
			isa = PBXTargetDependency;
			target = D65565FC2E3E3CD8006D99B3 /* Video reverser Extension */;
			targetProxy = D65565FF2E3E3CD8006D99B3 /* PBXContainerItemProxy */;
		};
/* End PBXTargetDependency section */

/* Begin PBXVariantGroup section */
		D65565D02E3E3CD6006D99B3 /* Main.html */ = {
			isa = PBXVariantGroup;
			children = (
				D65565D12E3E3CD6006D99B3 /* Base */,
			);
			name = Main.html;
			sourceTree = "<group>";
		};
		D65565DB2E3E3CD6006D99B3 /* Main.storyboard */ = {
			isa = PBXVariantGroup;
			children = (
				D65565DC2E3E3CD6006D99B3 /* Base */,
			);
			name = Main.storyboard;
			sourceTree = "<group>";
		};
/* End PBXVariantGroup section */

/* Begin XCBuildConfiguration section */
		D65566062E3E3CD8006D99B3 /* Debug */ = {
			isa = XCBuildConfiguration;
			buildSettings = {
				ALWAYS_SEARCH_USER_PATHS = NO;
				ASSETCATALOG_COMPILER_GENERATE_SWIFT_ASSET_SYMBOL_EXTENSIONS = YES;
				CLANG_ANALYZER_NONNULL = YES;
				CLANG_ANALYZER_NUMBER_OBJECT_CONVERSION = YES_AGGRESSIVE;
				CLANG_CXX_LANGUAGE_STANDARD = "gnu++20";
				CLANG_ENABLE_MODULES = YES;
				CLANG_ENABLE_OBJC_ARC = YES;
				CLANG_ENABLE_OBJC_WEAK = YES;
				CLANG_WARN_BLOCK_CAPTURE_AUTORELEASING = YES;
				CLANG_WARN_BOOL_CONVERSION = YES;
				CLANG_WARN_COMMA = YES;
				CLANG_WARN_CONSTANT_CONVERSION = YES;
				CLANG_WARN_DEPRECATED_OBJC_IMPLEMENTATIONS = YES;
				CLANG_WARN_DIRECT_OBJC_ISA_USAGE = YES_ERROR;
				CLANG_WARN_DOCUMENTATION_COMMENTS = YES;
				CLANG_WARN_EMPTY_BODY = YES;
				CLANG_WARN_ENUM_CONVERSION = YES;
				CLANG_WARN_INFINITE_RECURSION = YES;
				CLANG_WARN_INT_CONVERSION = YES;
				CLANG_WARN_NON_LITERAL_NULL_CONVERSION = YES;
				CLANG_WARN_OBJC_IMPLICIT_RETAIN_SELF = YES;
				CLANG_WARN_OBJC_LITERAL_CONVERSION = YES;
				CLANG_WARN_OBJC_ROOT_CLASS = YES_ERROR;
				CLANG_WARN_QUOTED_INCLUDE_IN_FRAMEWORK_HEADER = YES;
				CLANG_WARN_RANGE_LOOP_ANALYSIS = YES;
				CLANG_WARN_STRICT_PROTOTYPES = YES;
				CLANG_WARN_SUSPICIOUS_MOVE = YES;
				CLANG_WARN_UNGUARDED_AVAILABILITY = YES_AGGRESSIVE;
				CLANG_WARN_UNREACHABLE_CODE = YES;
				CLANG_WARN__DUPLICATE_METHOD_MATCH = YES;
				COPY_PHASE_STRIP = NO;
				DEBUG_INFORMATION_FORMAT = dwarf;
				ENABLE_STRICT_OBJC_MSGSEND = YES;
				ENABLE_TESTABILITY = YES;
				ENABLE_USER_SCRIPT_SANDBOXING = YES;
				GCC_C_LANGUAGE_STANDARD = gnu17;
				GCC_DYNAMIC_NO_PIC = NO;
				GCC_NO_COMMON_BLOCKS = YES;
				GCC_OPTIMIZATION_LEVEL = 0;
				GCC_PREPROCESSOR_DEFINITIONS = (
					"DEBUG=1",
					"$(inherited)",
				);
				GCC_WARN_64_TO_32_BIT_CONVERSION = YES;
				GCC_WARN_ABOUT_RETURN_TYPE = YES_ERROR;
				GCC_WARN_UNDECLARED_SELECTOR = YES;
				GCC_WARN_UNINITIALIZED_AUTOS = YES_AGGRESSIVE;
				GCC_WARN_UNUSED_FUNCTION = YES;
				GCC_WARN_UNUSED_VARIABLE = YES;
				LOCALIZATION_PREFERS_STRING_CATALOGS = YES;
				MACOSX_DEPLOYMENT_TARGET = 15.5;
				MTL_ENABLE_DEBUG_INFO = INCLUDE_SOURCE;
				MTL_FAST_MATH = YES;
				ONLY_ACTIVE_ARCH = YES;
				SDKROOT = macosx;
				SWIFT_ACTIVE_COMPILATION_CONDITIONS = "DEBUG $(inherited)";
				SWIFT_OPTIMIZATION_LEVEL = "-Onone";
			};
			name = Debug;
		};
		D65566072E3E3CD8006D99B3 /* Release */ = {
			isa = XCBuildConfiguration;
			buildSettings = {
				ALWAYS_SEARCH_USER_PATHS = NO;
				ASSETCATALOG_COMPILER_GENERATE_SWIFT_ASSET_SYMBOL_EXTENSIONS = YES;
				CLANG_ANALYZER_NONNULL = YES;
				CLANG_ANALYZER_NUMBER_OBJECT_CONVERSION = YES_AGGRESSIVE;
				CLANG_CXX_LANGUAGE_STANDARD = "gnu++20";
				CLANG_ENABLE_MODULES = YES;
				CLANG_ENABLE_OBJC_ARC = YES;
				CLANG_ENABLE_OBJC_WEAK = YES;
				CLANG_WARN_BLOCK_CAPTURE_AUTORELEASING = YES;
				CLANG_WARN_BOOL_CONVERSION = YES;
				CLANG_WARN_COMMA = YES;
				CLANG_WARN_CONSTANT_CONVERSION = YES;
				CLANG_WARN_DEPRECATED_OBJC_IMPLEMENTATIONS = YES;
				CLANG_WARN_DIRECT_OBJC_ISA_USAGE = YES_ERROR;
				CLANG_WARN_DOCUMENTATION_COMMENTS = YES;
				CLANG_WARN_EMPTY_BODY = YES;
				CLANG_WARN_ENUM_CONVERSION = YES;
				CLANG_WARN_INFINITE_RECURSION = YES;
				CLANG_WARN_INT_CONVERSION = YES;
				CLANG_WARN_NON_LITERAL_NULL_CONVERSION = YES;
				CLANG_WARN_OBJC_IMPLICIT_RETAIN_SELF = YES;
				CLANG_WARN_OBJC_LITERAL_CONVERSION = YES;
				CLANG_WARN_OBJC_ROOT_CLASS = YES_ERROR;
				CLANG_WARN_QUOTED_INCLUDE_IN_FRAMEWORK_HEADER = YES;
				CLANG_WARN_RANGE_LOOP_ANALYSIS = YES;
				CLANG_WARN_STRICT_PROTOTYPES = YES;
				CLANG_WARN_SUSPICIOUS_MOVE = YES;
				CLANG_WARN_UNGUARDED_AVAILABILITY = YES_AGGRESSIVE;
				CLANG_WARN_UNREACHABLE_CODE = YES;
				CLANG_WARN__DUPLICATE_METHOD_MATCH = YES;
				COPY_PHASE_STRIP = NO;
				DEBUG_INFORMATION_FORMAT = "dwarf-with-dsym";
				ENABLE_NS_ASSERTIONS = NO;
				ENABLE_STRICT_OBJC_MSGSEND = YES;
				ENABLE_USER_SCRIPT_SANDBOXING = YES;
				GCC_C_LANGUAGE_STANDARD = gnu17;
				GCC_NO_COMMON_BLOCKS = YES;
				GCC_WARN_64_TO_32_BIT_CONVERSION = YES;
				GCC_WARN_ABOUT_RETURN_TYPE = YES_ERROR;
				GCC_WARN_UNDECLARED_SELECTOR = YES;
				GCC_WARN_UNINITIALIZED_AUTOS = YES_AGGRESSIVE;
				GCC_WARN_UNUSED_FUNCTION = YES;
				GCC_WARN_UNUSED_VARIABLE = YES;
				LOCALIZATION_PREFERS_STRING_CATALOGS = YES;
				MACOSX_DEPLOYMENT_TARGET = 15.5;
				MTL_ENABLE_DEBUG_INFO = NO;
				MTL_FAST_MATH = YES;
				SDKROOT = macosx;
				SWIFT_COMPILATION_MODE = wholemodule;
			};
			name = Release;
		};
		D65566092E3E3CD8006D99B3 /* Debug */ = {
			isa = XCBuildConfiguration;
			buildSettings = {
				CODE_SIGN_ENTITLEMENTS = "Video reverser Extension/Video_reverser_Extension.entitlements";
				CODE_SIGN_STYLE = Automatic;
				CURRENT_PROJECT_VERSION = 1;
				ENABLE_HARDENED_RUNTIME = YES;
				GENERATE_INFOPLIST_FILE = YES;
				INFOPLIST_FILE = "Video reverser Extension/Info.plist";
				INFOPLIST_KEY_CFBundleDisplayName = "Video reverser Extension";
				INFOPLIST_KEY_NSHumanReadableCopyright = "";
				LD_RUNPATH_SEARCH_PATHS = (
					"$(inherited)",
					"@executable_path/../Frameworks",
					"@executable_path/../../../../Frameworks",
				);
				MACOSX_DEPLOYMENT_TARGET = 10.14;
				MARKETING_VERSION = 1.0;
				OTHER_LDFLAGS = (
					"-framework",
					SafariServices,
				);
				PRODUCT_BUNDLE_IDENTIFIER = "ru.redbyte.Video-reverser.Extension";
				PRODUCT_NAME = "$(TARGET_NAME)";
				SKIP_INSTALL = YES;
				SWIFT_EMIT_LOC_STRINGS = YES;
				SWIFT_VERSION = 5.0;
			};
			name = Debug;
		};
		D655660A2E3E3CD8006D99B3 /* Release */ = {
			isa = XCBuildConfiguration;
			buildSettings = {
				CODE_SIGN_ENTITLEMENTS = "Video reverser Extension/Video_reverser_Extension.entitlements";
				CODE_SIGN_STYLE = Automatic;
				CURRENT_PROJECT_VERSION = 1;
				ENABLE_HARDENED_RUNTIME = YES;
				GENERATE_INFOPLIST_FILE = YES;
				INFOPLIST_FILE = "Video reverser Extension/Info.plist";
				INFOPLIST_KEY_CFBundleDisplayName = "Video reverser Extension";
				INFOPLIST_KEY_NSHumanReadableCopyright = "";
				LD_RUNPATH_SEARCH_PATHS = (
					"$(inherited)",
					"@executable_path/../Frameworks",
					"@executable_path/../../../../Frameworks",
				);
				MACOSX_DEPLOYMENT_TARGET = 10.14;
				MARKETING_VERSION = 1.0;
				OTHER_LDFLAGS = (
					"-framework",
					SafariServices,
				);
				PRODUCT_BUNDLE_IDENTIFIER = "ru.redbyte.Video-reverser.Extension";
				PRODUCT_NAME = "$(TARGET_NAME)";
				SKIP_INSTALL = YES;
				SWIFT_EMIT_LOC_STRINGS = YES;
				SWIFT_VERSION = 5.0;
			};
			name = Release;
		};
		D655660D2E3E3CD8006D99B3 /* Debug */ = {
			isa = XCBuildConfiguration;
			buildSettings = {
				ASSETCATALOG_COMPILER_APPICON_NAME = AppIcon;
				ASSETCATALOG_COMPILER_GLOBAL_ACCENT_COLOR_NAME = AccentColor;
				CODE_SIGN_ENTITLEMENTS = "Video reverser/Video reverser.entitlements";
				CODE_SIGN_STYLE = Automatic;
				COMBINE_HIDPI_IMAGES = YES;
				CURRENT_PROJECT_VERSION = 1;
				ENABLE_HARDENED_RUNTIME = YES;
				GENERATE_INFOPLIST_FILE = YES;
				INFOPLIST_FILE = "Video reverser/Info.plist";
				INFOPLIST_KEY_CFBundleDisplayName = "Video reverser";
				INFOPLIST_KEY_NSHumanReadableCopyright = "";
				INFOPLIST_KEY_NSMainStoryboardFile = Main;
				INFOPLIST_KEY_NSPrincipalClass = NSApplication;
				LD_RUNPATH_SEARCH_PATHS = (
					"$(inherited)",
					"@executable_path/../Frameworks",
				);
				MACOSX_DEPLOYMENT_TARGET = 10.14;
				MARKETING_VERSION = 1.0;
				OTHER_LDFLAGS = (
					"-framework",
					SafariServices,
					"-framework",
					WebKit,
				);
				PRODUCT_BUNDLE_IDENTIFIER = "ru.redbyte.Video-reverser";
				PRODUCT_NAME = "$(TARGET_NAME)";
				REGISTER_APP_GROUPS = YES;
				SWIFT_EMIT_LOC_STRINGS = YES;
				SWIFT_VERSION = 5.0;
			};
			name = Debug;
		};
		D655660E2E3E3CD8006D99B3 /* Release */ = {
			isa = XCBuildConfiguration;
			buildSettings = {
				ASSETCATALOG_COMPILER_APPICON_NAME = AppIcon;
				ASSETCATALOG_COMPILER_GLOBAL_ACCENT_COLOR_NAME = AccentColor;
				CODE_SIGN_ENTITLEMENTS = "Video reverser/Video reverser.entitlements";
				CODE_SIGN_STYLE = Automatic;
				COMBINE_HIDPI_IMAGES = YES;
				CURRENT_PROJECT_VERSION = 1;
				ENABLE_HARDENED_RUNTIME = YES;
				GENERATE_INFOPLIST_FILE = YES;
				INFOPLIST_FILE = "Video reverser/Info.plist";
				INFOPLIST_KEY_CFBundleDisplayName = "Video reverser";
				INFOPLIST_KEY_NSHumanReadableCopyright = "";
				INFOPLIST_KEY_NSMainStoryboardFile = Main;
				INFOPLIST_KEY_NSPrincipalClass = NSApplication;
				LD_RUNPATH_SEARCH_PATHS = (
					"$(inherited)",
					"@executable_path/../Frameworks",
				);
				MACOSX_DEPLOYMENT_TARGET = 10.14;
				MARKETING_VERSION = 1.0;
				OTHER_LDFLAGS = (
					"-framework",
					SafariServices,
					"-framework",
					WebKit,
				);
				PRODUCT_BUNDLE_IDENTIFIER = "ru.redbyte.Video-reverser";
				PRODUCT_NAME = "$(TARGET_NAME)";
				REGISTER_APP_GROUPS = YES;
				SWIFT_EMIT_LOC_STRINGS = YES;
				SWIFT_VERSION = 5.0;
			};
			name = Release;
		};
		D65566102E3E3CD8006D99B3 /* Debug */ = {
			isa = XCBuildConfiguration;
			buildSettings = {
				BUNDLE_LOADER = "$(TEST_HOST)";
				CODE_SIGN_STYLE = Automatic;
				CURRENT_PROJECT_VERSION = 1;
				GENERATE_INFOPLIST_FILE = YES;
				MACOSX_DEPLOYMENT_TARGET = 10.14;
				MARKETING_VERSION = 1.0;
				PRODUCT_BUNDLE_IDENTIFIER = "ru.redbyte.Video-reverserTests";
				PRODUCT_NAME = "$(TARGET_NAME)";
				SWIFT_EMIT_LOC_STRINGS = NO;
				SWIFT_VERSION = 5.0;
				TEST_HOST = "$(BUILT_PRODUCTS_DIR)/Video reverser.app/$(BUNDLE_EXECUTABLE_FOLDER_PATH)/Video reverser";
			};
			name = Debug;
		};
		D65566112E3E3CD8006D99B3 /* Release */ = {
			isa = XCBuildConfiguration;
			buildSettings = {
				BUNDLE_LOADER = "$(TEST_HOST)";
				CODE_SIGN_STYLE = Automatic;
				CURRENT_PROJECT_VERSION = 1;
				GENERATE_INFOPLIST_FILE = YES;
				MACOSX_DEPLOYMENT_TARGET = 10.14;
				MARKETING_VERSION = 1.0;
				PRODUCT_BUNDLE_IDENTIFIER = "ru.redbyte.Video-reverserTests";
				PRODUCT_NAME = "$(TARGET_NAME)";
				SWIFT_EMIT_LOC_STRINGS = NO;
				SWIFT_VERSION = 5.0;
				TEST_HOST = "$(BUILT_PRODUCTS_DIR)/Video reverser.app/$(BUNDLE_EXECUTABLE_FOLDER_PATH)/Video reverser";
			};
			name = Release;
		};
		D65566132E3E3CD8006D99B3 /* Debug */ = {
			isa = XCBuildConfiguration;
			buildSettings = {
				CODE_SIGN_STYLE = Automatic;
				CURRENT_PROJECT_VERSION = 1;
				GENERATE_INFOPLIST_FILE = YES;
				MARKETING_VERSION = 1.0;
				PRODUCT_BUNDLE_IDENTIFIER = "ru.redbyte.Video-reverserUITests";
				PRODUCT_NAME = "$(TARGET_NAME)";
				SWIFT_EMIT_LOC_STRINGS = NO;
				SWIFT_VERSION = 5.0;
				TEST_TARGET_NAME = "Video reverser";
			};
			name = Debug;
		};
		D65566142E3E3CD8006D99B3 /* Release */ = {
			isa = XCBuildConfiguration;
			buildSettings = {
				CODE_SIGN_STYLE = Automatic;
				CURRENT_PROJECT_VERSION = 1;
				GENERATE_INFOPLIST_FILE = YES;
				MARKETING_VERSION = 1.0;
				PRODUCT_BUNDLE_IDENTIFIER = "ru.redbyte.Video-reverserUITests";
				PRODUCT_NAME = "$(TARGET_NAME)";
				SWIFT_EMIT_LOC_STRINGS = NO;
				SWIFT_VERSION = 5.0;
				TEST_TARGET_NAME = "Video reverser";
			};
			name = Release;
		};
/* End XCBuildConfiguration section */

/* Begin XCConfigurationList section */
		D65565C52E3E3CD6006D99B3 /* Build configuration list for PBXProject "Video reverser" */ = {
			isa = XCConfigurationList;
			buildConfigurations = (
				D65566062E3E3CD8006D99B3 /* Debug */,
				D65566072E3E3CD8006D99B3 /* Release */,
			);
			defaultConfigurationIsVisible = 0;
			defaultConfigurationName = Release;
		};
		D65566082E3E3CD8006D99B3 /* Build configuration list for PBXNativeTarget "Video reverser Extension" */ = {
			isa = XCConfigurationList;
			buildConfigurations = (
				D65566092E3E3CD8006D99B3 /* Debug */,
				D655660A2E3E3CD8006D99B3 /* Release */,
			);
			defaultConfigurationIsVisible = 0;
			defaultConfigurationName = Release;
		};
		D655660C2E3E3CD8006D99B3 /* Build configuration list for PBXNativeTarget "Video reverser" */ = {
			isa = XCConfigurationList;
			buildConfigurations = (
				D655660D2E3E3CD8006D99B3 /* Debug */,
				D655660E2E3E3CD8006D99B3 /* Release */,
			);
			defaultConfigurationIsVisible = 0;
			defaultConfigurationName = Release;
		};
		D655660F2E3E3CD8006D99B3 /* Build configuration list for PBXNativeTarget "Video reverserTests" */ = {
			isa = XCConfigurationList;
			buildConfigurations = (
				D65566102E3E3CD8006D99B3 /* Debug */,
				D65566112E3E3CD8006D99B3 /* Release */,
			);
			defaultConfigurationIsVisible = 0;
			defaultConfigurationName = Release;
		};
		D65566122E3E3CD8006D99B3 /* Build configuration list for PBXNativeTarget "Video reverserUITests" */ = {
			isa = XCConfigurationList;
			buildConfigurations = (
				D65566132E3E3CD8006D99B3 /* Debug */,
				D65566142E3E3CD8006D99B3 /* Release */,
			);
			defaultConfigurationIsVisible = 0;
			defaultConfigurationName = Release;
		};
/* End XCConfigurationList section */
	};
	rootObject = D65565C22E3E3CD6006D99B3 /* Project object */;
}
